{
    "_meta": {
        "hash": {
            "sha256": "2c24b7e866520161e3ed4360a7c1a80bcf6c8dfe85f809838f2ed0a5828a8ed4"
        },
        "pipfile-spec": 6,
        "requires": {
            "python_version": "3.10"
        },
        "sources": [
            {
                "name": "pypi",
                "url": "https://pypi.org/simple",
                "verify_ssl": true
            }
        ]
    },
    "default": {
        "anyio": {
            "hashes": [
                "sha256:673c0c244e15788651a4ff38710fea9675823028a6f08a5eda409e0c9840a028",
                "sha256:9f76d541cad6e36af7beb62e978876f3b41e3e04f2c1fbf0884604c0a9c4d93c"
            ],
            "markers": "python_version >= '3.9'",
            "version": "==4.9.0"
        },
        "awscli": {
            "hashes": [
                "sha256:2fe68889078a4b0914673247db80445be0e29eb8659e4314d1c1663b75c37d8c",
                "sha256:31051f92eeb3c9c8cc813b20a6072b430cdf72c4f7bfce77637dc58e9a596e35"
            ],
            "index": "pypi",
            "version": "==1.11.56"
        },
        "babel": {
            "hashes": [
                "sha256:0c54cffb19f690cdcc52a3b50bcbf71e07a808d1c80d549f2459b9d2cf0afb9d",
                "sha256:4d0b53093fdfb4b21c92b5213dba5a1b23885afa8383709427046b21c366e5f2"
            ],
            "markers": "python_version >= '3.8'",
            "version": "==2.17.0"
        },
        "blinker": {
            "hashes": [
                "sha256:b4ce2265a7abece45e7cc896e98dbebe6cead56bcf805a3d23136d145f5445bf",
                "sha256:ba0efaa9080b619ff2f3459d1d500c57bddea4a6b424b60a91141db6fd2f08bc"
            ],
            "markers": "python_version >= '3.9'",
            "version": "==1.9.0"
        },
        "botocore": {
            "hashes": [
                "sha256:05d83df20f798bfd871e29272b00dbb567a129c6e119a5a8a9cda0f339c8c919",
                "sha256:7152fd03f869f78ce8a9fd4d1d0e02e9852f769c9fa5a75e1b371a3f072faf5e"
            ],
            "version": "==1.5.19"
        },
        "colorama": {
            "hashes": [
                "sha256:a4c0f5bc358a62849653471e309dcc991223cf86abafbec17cd8f41327279e89",
                "sha256:e043c8d32527607223652021ff648fbb394d5e19cba9f1a698670b338c9d782b",
                "sha256:f4945bf52ae49da0728fe730a33c18744803752fc948f154f29dc0c4f9f2f9cc"
            ],
            "version": "==0.3.7"
        },
        "cssmin": {
            "hashes": [
                "sha256:e012f0cc8401efcf2620332339011564738ae32be8c84b2e43ce8beaec1067b6"
            ],
            "index": "pypi",
            "version": "==0.2.0"
        },
        "docutils": {
            "hashes": [
                "sha256:4ed966a0e96a0477d852f7af31bdcb3adc049fbb35ccba358c2ea8a03287615e",
                "sha256:ba9d57750e92331ebe7c08a1bbf7a7f8143b86c476acd51528b042216a6aad0f"
            ],
            "markers": "python_version >= '3.9'",
            "version": "==0.22"
        },
        "feedgenerator": {
            "hashes": [
                "sha256:2976f6ccc5989a967202da343ea145c21aedabbe0035c7088d64ba0aa9725a60",
                "sha256:abeb7033d2a86db546681acb1aea2f0421c131787ce1fbe0fb6f66648ef80721"
            ],
            "markers": "python_version >= '3.9'",
            "version": "==2.2.0"
        },
        "ghp-import": {
            "hashes": [
                "sha256:8337dd7b50877f163d4c0289bc1f1c7f127550241988d568c1db512c4324a619",
                "sha256:9c535c4c61193c2df8871222567d7fd7e5014d835f97dc7b7439069e2413d343"
            ],
            "index": "pypi",
            "version": "==2.1.0"
        },
        "idna": {
            "hashes": [
                "sha256:12f65c9b470abda6dc35cf8e63cc574b1c52b11df2c86030af0ac09b01b13ea9",
                "sha256:946d195a0d259cbba61165e88e65941f16e9b36ea6ddb97f00452bae8b1287d3"
            ],
            "markers": "python_version >= '3.6'",
            "version": "==3.10"
        },
        "jinja2": {
            "hashes": [
                "sha256:0137fb05990d35f1275a587e9aee6d56da821fc83491a0fb838183be43f66d6d",
                "sha256:85ece4451f492d0c13c5dd7c13a64681a86afae63a5f347908daf103ce6d2f67"
            ],
            "markers": "python_version >= '3.7'",
            "version": "==3.1.6"
        },
        "jmespath": {
            "hashes": [
                "sha256:b85d0567b8666149a93172712e68920734333c0ce7e89b78b3e987f71e5ed4f9",
                "sha256:cdf6525904cc597730141d61b36f2e4b8ecc257c420fa2f4549bac2c2d0cb72f"
            ],
            "markers": "python_version >= '2.6' and python_version not in '3.0, 3.1, 3.2, 3.3'",
            "version": "==0.10.0"
        },
        "markdown": {
            "hashes": [
                "sha256:9ba587db9daee7ec761cfc656272be6aabe2ed300fece21208e4aab2e457bc8f",
                "sha256:a856869c7ff079ad84a3e19cd87a64998350c2b94e9e08e44270faef33400f81"
            ],
            "index": "pypi",
            "version": "==2.6.11"
        },
        "markdown-i18n": {
            "hashes": [
                "sha256:b2a06c85694080f2bce24004522f74a2fd36143610910c06348d8a6cf8f6fd92"
            ],
            "index": "pypi",
            "version": "==2.1.2"
        },
        "markdown-it-py": {
            "hashes": [
                "sha256:355216845c60bd96232cd8d8c40e8f9765cc86f46880e43a8fd22dc1a1a8cab1",
                "sha256:e3f60a94fa066dc52ec76661e37c851cb232d92f9886b15cb560aaada2df8feb"
            ],
            "markers": "python_version >= '3.8'",
            "version": "==3.0.0"
        },
        "markupsafe": {
            "hashes": [
                "sha256:0bff5e0ae4ef2e1ae4fdf2dfd5b76c75e5c2fa4132d05fc1b0dabcd20c7e28c4",
                "sha256:0f4ca02bea9a23221c0182836703cbf8930c5e9454bacce27e767509fa286a30",
                "sha256:1225beacc926f536dc82e45f8a4d68502949dc67eea90eab715dea3a21c1b5f0",
                "sha256:131a3c7689c85f5ad20f9f6fb1b866f402c445b220c19fe4308c0b147ccd2ad9",
                "sha256:15ab75ef81add55874e7ab7055e9c397312385bd9ced94920f2802310c930396",
                "sha256:1a9d3f5f0901fdec14d8d2f66ef7d035f2157240a433441719ac9a3fba440b13",
                "sha256:1c99d261bd2d5f6b59325c92c73df481e05e57f19837bdca8413b9eac4bd8028",
                "sha256:1e084f686b92e5b83186b07e8a17fc09e38fff551f3602b249881fec658d3eca",
                "sha256:2181e67807fc2fa785d0592dc2d6206c019b9502410671cc905d132a92866557",
                "sha256:2cb8438c3cbb25e220c2ab33bb226559e7afb3baec11c4f218ffa7308603c832",
                "sha256:3169b1eefae027567d1ce6ee7cae382c57fe26e82775f460f0b2778beaad66c0",
                "sha256:3809ede931876f5b2ec92eef964286840ed3540dadf803dd570c3b7e13141a3b",
                "sha256:38a9ef736c01fccdd6600705b09dc574584b89bea478200c5fbf112a6b0d5579",
                "sha256:3d79d162e7be8f996986c064d1c7c817f6df3a77fe3d6859f6f9e7be4b8c213a",
                "sha256:444dcda765c8a838eaae23112db52f1efaf750daddb2d9ca300bcae1039adc5c",
                "sha256:48032821bbdf20f5799ff537c7ac3d1fba0ba032cfc06194faffa8cda8b560ff",
                "sha256:4aa4e5faecf353ed117801a068ebab7b7e09ffb6e1d5e412dc852e0da018126c",
                "sha256:52305740fe773d09cffb16f8ed0427942901f00adedac82ec8b67752f58a1b22",
                "sha256:569511d3b58c8791ab4c2e1285575265991e6d8f8700c7be0e88f86cb0672094",
                "sha256:57cb5a3cf367aeb1d316576250f65edec5bb3be939e9247ae594b4bcbc317dfb",
                "sha256:5b02fb34468b6aaa40dfc198d813a641e3a63b98c2b05a16b9f80b7ec314185e",
                "sha256:6381026f158fdb7c72a168278597a5e3a5222e83ea18f543112b2662a9b699c5",
                "sha256:6af100e168aa82a50e186c82875a5893c5597a0c1ccdb0d8b40240b1f28b969a",
                "sha256:6c89876f41da747c8d3677a2b540fb32ef5715f97b66eeb0c6b66f5e3ef6f59d",
                "sha256:6e296a513ca3d94054c2c881cc913116e90fd030ad1c656b3869762b754f5f8a",
                "sha256:70a87b411535ccad5ef2f1df5136506a10775d267e197e4cf531ced10537bd6b",
                "sha256:7e94c425039cde14257288fd61dcfb01963e658efbc0ff54f5306b06054700f8",
                "sha256:846ade7b71e3536c4e56b386c2a47adf5741d2d8b94ec9dc3e92e5e1ee1e2225",
                "sha256:88416bd1e65dcea10bc7569faacb2c20ce071dd1f87539ca2ab364bf6231393c",
                "sha256:88b49a3b9ff31e19998750c38e030fc7bb937398b1f78cfa599aaef92d693144",
                "sha256:8c4e8c3ce11e1f92f6536ff07154f9d49677ebaaafc32db9db4620bc11ed480f",
                "sha256:8e06879fc22a25ca47312fbe7c8264eb0b662f6db27cb2d3bbbc74b1df4b9b87",
                "sha256:9025b4018f3a1314059769c7bf15441064b2207cb3f065e6ea1e7359cb46db9d",
                "sha256:93335ca3812df2f366e80509ae119189886b0f3c2b81325d39efdb84a1e2ae93",
                "sha256:9778bd8ab0a994ebf6f84c2b949e65736d5575320a17ae8984a77fab08db94cf",
                "sha256:9e2d922824181480953426608b81967de705c3cef4d1af983af849d7bd619158",
                "sha256:a123e330ef0853c6e822384873bef7507557d8e4a082961e1defa947aa59ba84",
                "sha256:a904af0a6162c73e3edcb969eeeb53a63ceeb5d8cf642fade7d39e7963a22ddb",
                "sha256:ad10d3ded218f1039f11a75f8091880239651b52e9bb592ca27de44eed242a48",
                "sha256:b424c77b206d63d500bcb69fa55ed8d0e6a3774056bdc4839fc9298a7edca171",
                "sha256:b5a6b3ada725cea8a5e634536b1b01c30bcdcd7f9c6fff4151548d5bf6b3a36c",
                "sha256:ba8062ed2cf21c07a9e295d5b8a2a5ce678b913b45fdf68c32d95d6c1291e0b6",
                "sha256:ba9527cdd4c926ed0760bc301f6728ef34d841f405abf9d4f959c478421e4efd",
                "sha256:bbcb445fa71794da8f178f0f6d66789a28d7319071af7a496d4d507ed566270d",
                "sha256:bcf3e58998965654fdaff38e58584d8937aa3096ab5354d493c77d1fdd66d7a1",
                "sha256:c0ef13eaeee5b615fb07c9a7dadb38eac06a0608b41570d8ade51c56539e509d",
                "sha256:cabc348d87e913db6ab4aa100f01b08f481097838bdddf7c7a84b7575b7309ca",
                "sha256:cdb82a876c47801bb54a690c5ae105a46b392ac6099881cdfb9f6e95e4014c6a",
                "sha256:cfad01eed2c2e0c01fd0ecd2ef42c492f7f93902e39a42fc9ee1692961443a29",
                "sha256:d16a81a06776313e817c951135cf7340a3e91e8c1ff2fac444cfd75fffa04afe",
                "sha256:d8213e09c917a951de9d09ecee036d5c7d36cb6cb7dbaece4c71a60d79fb9798",
                "sha256:e07c3764494e3776c602c1e78e298937c3315ccc9043ead7e685b7f2b8d47b3c",
                "sha256:e17c96c14e19278594aa4841ec148115f9c7615a47382ecb6b82bd8fea3ab0c8",
                "sha256:e444a31f8db13eb18ada366ab3cf45fd4b31e4db1236a4448f68778c1d1a5a2f",
                "sha256:e6a2a455bd412959b57a172ce6328d2dd1f01cb2135efda2e4576e8a23fa3b0f",
                "sha256:eaa0a10b7f72326f1372a713e73c3f739b524b3af41feb43e4921cb529f5929a",
                "sha256:eb7972a85c54febfb25b5c4b4f3af4dcc731994c7da0d8a0b4a6eb0640e1d178",
                "sha256:ee55d3edf80167e48ea11a923c7386f4669df67d7994554387f84e7d8b0a2bf0",
                "sha256:f3818cb119498c0678015754eba762e0d61e5b52d34c8b13d770f0719f7b1d79",
                "sha256:f8b3d067f2e40fe93e1ccdd6b2e1d16c43140e76f02fb1319a05cf2b79d99430",
                "sha256:fcabf5ff6eea076f859677f5f0b6b5c1a51e70a376b0579e0eadef8db48c6b50"
            ],
            "markers": "python_version >= '3.9'",
            "version": "==3.0.2"
        },
        "mdurl": {
            "hashes": [
                "sha256:84008a41e51615a49fc9966191ff91509e3c40b939176e643fd50a5c2196b8f8",
                "sha256:bb413d29f5eea38f31dd4754dd7377d4465116fb207585f97bf925588687c1ba"
            ],
            "markers": "python_version >= '3.7'",
            "version": "==0.1.2"
        },
        "ordered-set": {
            "hashes": [
                "sha256:046e1132c71fcf3330438a539928932caf51ddbc582496833e23de611de14562",
                "sha256:694a8e44c87657c59292ede72891eb91d34131f6531463aab3009191c77364a8"
            ],
            "markers": "python_version >= '3.7'",
            "version": "==4.1.0"
        },
        "pelican": {
            "extras": [
                "markdown"
            ],
            "hashes": [
                "sha256:67a05234ca5a765cf9af990281629dc6312892409fd1e972ed846fb16eaf9c09",
                "sha256:c2cf19d160cc67bb93dad80c8c3a53563c09ba0b3bbf554d4d2739435d818bbc"
            ],
            "markers": "python_version >= '3.9' and python_version < '4.0'",
            "version": "==4.1.2"
        },
        "pelican-webassets": {
            "hashes": [
                "sha256:0a418b88ebd6d96efae4d666394552bcacc8d30d2f0abb5bb4db26064e8cfed0",
                "sha256:9df6659ecb565af88df55df4aac27cafc948299ef3d4fc743f7385db2e274475"
            ],
            "index": "pypi",
            "markers": "python_version ~= '3.9'",
            "version": "==2.1.0"
        },
        "pip": {
            "hashes": [
                "sha256:578283f006390f85bb6282dffb876454593d637f5d1be494b5202ce4877e71f2",
                "sha256:6d67a2b4e7f14d8b31b8b52648866fa717f45a1eb70e83002f4331d07e953717"
            ],
            "index": "pypi",
            "markers": "python_version >= '3.9'",
            "version": "==25.2"
        },
        "pyasn1": {
            "hashes": [
                "sha256:0d632f46f2ba09143da3a8afe9e33fb6f92fa2320ab7e886e2d0f7672af84629",
                "sha256:6f580d2bdd84365380830acf45550f2511469f673cb4a5ae3857a3170128b034"
            ],
            "markers": "python_version >= '3.8'",
            "version": "==0.6.1"
        },
        "pygments": {
            "hashes": [
                "sha256:636cb2477cec7f8952536970bc533bc43743542f70392ae026374600add5b887",
                "sha256:86540386c03d588bb81d44bc3928634ff26449851e99741617ecb9037ee5ec0b"
            ],
            "markers": "python_version >= '3.8'",
            "version": "==2.19.2"
        },
        "python-dateutil": {
            "hashes": [
                "sha256:37dd54208da7e1cd875388217d5e00ebd4179249f90fb72437e91a35459a0ad3",
                "sha256:a8b2bc7bffae282281c8140a97d3aa9c14da0b136dfe83f850eea9a5f7470427"
            ],
            "markers": "python_version >= '2.7' and python_version not in '3.0, 3.1, 3.2, 3.3'",
            "version": "==2.9.0.post0"
        },
        "pytz": {
            "hashes": [
                "sha256:360b9e3dbb49a209c21ad61809c7fb453643e048b38924c765813546746e81c3",
                "sha256:5ddf76296dd8c44c26eb8f4b6f35488f3ccbf6fbbd7adee0b7262d43f0ec2f00"
            ],
            "version": "==2025.2"
        },
        "pyyaml": {
            "hashes": [
                "sha256:0c507b7f74b3d2dd4d1322ec8a94794927305ab4cebbe89cc47fe5e81541e6e8",
                "sha256:16b20e970597e051997d90dc2cddc713a2876c47e3d92d59ee198700c5427736",
                "sha256:3262c96a1ca437e7e4763e2843746588a965426550f3797a79fca9c6199c431f",
                "sha256:326420cbb492172dec84b0f65c80942de6cedb5233c413dd824483989c000608",
                "sha256:4474f8ea030b5127225b8894d626bb66c01cda098d47a2b0d3429b6700af9fd8",
                "sha256:592766c6303207a20efc445587778322d7f73b161bd994f227adaa341ba212ab",
                "sha256:5ac82e411044fb129bae5cfbeb3ba626acb2af31a8d17d175004b70862a741a7",
                "sha256:5f84523c076ad14ff5e6c037fe1c89a7f73a3e04cf0377cb4d017014976433f3",
                "sha256:827dc04b8fa7d07c44de11fabbc888e627fa8293b695e0f99cb544fdfa1bf0d1",
                "sha256:b4c423ab23291d3945ac61346feeb9a0dc4184999ede5e7c43e1ffb975130ae6",
                "sha256:bc6bced57f826ca7cb5125a10b23fd0f2fff3b7c4701d64c439a300ce665fff8",
                "sha256:c01b880ec30b5a6e6aa67b09a2fe3fb30473008c85cd6a67359a1b15ed6d83a4",
                "sha256:ca233c64c6e40eaa6c66ef97058cdc80e8d0157a443655baa1b2966e812807ca",
                "sha256:e863072cdf4c72eebf179342c94e6989c67185842d9997960b3e69290b2fa269"
            ],
            "version": "==3.12"
        },
        "rich": {
            "hashes": [
                "sha256:536f5f1785986d6dbdea3c75205c473f970777b4a0d6c6dd1b696aa05a3fa04f",
                "sha256:e497a48b844b0320d45007cdebfeaeed8db2a4f4bcf49f15e455cfc4af11eaa8"
            ],
            "markers": "python_full_version >= '3.8.0'",
            "version": "==14.1.0"
        },
        "rsa": {
            "hashes": [
                "sha256:25df4e10c263fb88b5ace923dd84bf9aa7f5019687b5e55382ffcdb8bede9db5",
                "sha256:43f682fea81c452c98d09fc316aae12de6d30c4b5c84226642cf8f8fd1c93abd"
            ],
            "version": "==3.4.2"
        },
        "s3transfer": {
            "hashes": [
                "sha256:90dc18e028989c609146e241ea153250be451e05ecc0c2832565231dacdf59c1",
                "sha256:c7a9ec356982d5e9ab2d4b46391a7d6a950e2b04c472419f5fdec70cc0ada72f"
            ],
            "version": "==0.1.13"
        },
        "six": {
            "hashes": [
                "sha256:4721f391ed90541fddacab5acf947aa0d3dc7d27b2e1e8eda2be8970586c3274",
                "sha256:ff70335d468e7eb6ec65b95b99d3a2836546063f63acc5171de367e834932a81"
            ],
            "markers": "python_version >= '2.7' and python_version not in '3.0, 3.1, 3.2, 3.3'",
            "version": "==1.17.0"
        },
        "sniffio": {
            "hashes": [
                "sha256:2f6da418d1f1e0fddd844478f41680e794e6051915791a034ff65e5f100525a2",
                "sha256:f4324edc670a0f49750a81b895f35c3adb843cca46f0530f79fc1babb23789dc"
            ],
            "markers": "python_version >= '3.7'",
            "version": "==1.3.1"
        },
        "typing-extensions": {
            "hashes": [
                "sha256:38b39f4aeeab64884ce9f74c94263ef78f3c22467c8724005483154c26648d36",
                "sha256:d1e1e3b58374dc93031d6eda2420a48ea44a36c2b4766a4fdeb3710755731d76"
            ],
            "markers": "python_version < '3.13'",
            "version": "==4.14.1"
        },
        "unidecode": {
            "hashes": [
                "sha256:c3c7606c27503ad8d501270406e345ddb480a7b5f38827eafe4fa82a137f0021",
                "sha256:ce35985008338b676573023acc382d62c264f307c8f7963733405add37ea2b23"
            ],
            "markers": "python_version >= '3.7'",
            "version": "==1.4.0"
        },
        "watchfiles": {
            "hashes": [
                "sha256:00645eb79a3faa70d9cb15c8d4187bb72970b2470e938670240c7998dad9f13a",
                "sha256:04e4ed5d1cd3eae68c89bcc1a485a109f39f2fd8de05f705e98af6b5f1861f1f",
                "sha256:0a7d40b77f07be87c6faa93d0951a0fcd8cbca1ddff60a1b65d741bac6f3a9f6",
                "sha256:0ece16b563b17ab26eaa2d52230c9a7ae46cf01759621f4fbbca280e438267b3",
                "sha256:11ee4444250fcbeb47459a877e5e80ed994ce8e8d20283857fc128be1715dac7",
                "sha256:12b0a02a91762c08f7264e2e79542f76870c3040bbc847fb67410ab81474932a",
                "sha256:12fe8eaffaf0faa7906895b4f8bb88264035b3f0243275e0bf24af0436b27259",
                "sha256:130fc497b8ee68dce163e4254d9b0356411d1490e868bd8790028bc46c5cc297",
                "sha256:17ab167cca6339c2b830b744eaf10803d2a5b6683be4d79d8475d88b4a8a4be1",
                "sha256:199207b2d3eeaeb80ef4411875a6243d9ad8bc35b07fc42daa6b801cc39cc41c",
                "sha256:20ecc8abbd957046f1fe9562757903f5eaf57c3bce70929fda6c7711bb58074a",
                "sha256:239736577e848678e13b201bba14e89718f5c2133dfd6b1f7846fa1b58a8532b",
                "sha256:249590eb75ccc117f488e2fabd1bfa33c580e24b96f00658ad88e38844a040bb",
                "sha256:27f30e14aa1c1e91cb653f03a63445739919aef84c8d2517997a83155e7a2fcc",
                "sha256:29e7bc2eee15cbb339c68445959108803dc14ee0c7b4eea556400131a8de462b",
                "sha256:328dbc9bff7205c215a7807da7c18dce37da7da718e798356212d22696404339",
                "sha256:32d6d4e583593cb8576e129879ea0991660b935177c0f93c6681359b3654bfa9",
                "sha256:3366f56c272232860ab45c77c3ca7b74ee819c8e1f6f35a7125556b198bbc6df",
                "sha256:3434e401f3ce0ed6b42569128b3d1e3af773d7ec18751b918b89cd49c14eaafb",
                "sha256:37d3d3f7defb13f62ece99e9be912afe9dd8a0077b7c45ee5a57c74811d581a4",
                "sha256:3a6fd40bbb50d24976eb275ccb55cd1951dfb63dbc27cae3066a6ca5f4beabd5",
                "sha256:3aba215958d88182e8d2acba0fdaf687745180974946609119953c0e112397dc",
                "sha256:406520216186b99374cdb58bc48e34bb74535adec160c8459894884c983a149c",
                "sha256:4281cd9fce9fc0a9dbf0fc1217f39bf9cf2b4d315d9626ef1d4e87b84699e7e8",
                "sha256:42f92befc848bb7a19658f21f3e7bae80d7d005d13891c62c2cd4d4d0abb3433",
                "sha256:48aa25e5992b61debc908a61ab4d3f216b64f44fdaa71eb082d8b2de846b7d12",
                "sha256:5007f860c7f1f8df471e4e04aaa8c43673429047d63205d1630880f7637bca30",
                "sha256:50a51a90610d0845a5931a780d8e51d7bd7f309ebc25132ba975aca016b576a0",
                "sha256:51556d5004887045dba3acdd1fdf61dddea2be0a7e18048b5e853dcd37149b86",
                "sha256:51b81e55d40c4b4aa8658427a3ee7ea847c591ae9e8b81ef94a90b668999353c",
                "sha256:5366164391873ed76bfdf618818c82084c9db7fac82b64a20c44d335eec9ced5",
                "sha256:54062ef956807ba806559b3c3d52105ae1827a0d4ab47b621b31132b6b7e2866",
                "sha256:60022527e71d1d1fda67a33150ee42869042bce3d0fcc9cc49be009a9cded3fb",
                "sha256:622d6b2c06be19f6e89b1d951485a232e3b59618def88dbeda575ed8f0d8dbf2",
                "sha256:62cc7a30eeb0e20ecc5f4bd113cd69dcdb745a07c68c0370cea919f373f65d9e",
                "sha256:693ed7ec72cbfcee399e92c895362b6e66d63dac6b91e2c11ae03d10d503e575",
                "sha256:6d2404af8db1329f9a3c9b79ff63e0ae7131986446901582067d9304ae8aaf7f",
                "sha256:7049e52167fc75fc3cc418fc13d39a8e520cbb60ca08b47f6cedb85e181d2f2a",
                "sha256:7080c4bb3efd70a07b1cc2df99a7aa51d98685be56be6038c3169199d0a1c69f",
                "sha256:7738027989881e70e3723c75921f1efa45225084228788fc59ea8c6d732eb30d",
                "sha256:7a7bd57a1bb02f9d5c398c0c1675384e7ab1dd39da0ca50b7f09af45fa435277",
                "sha256:7b3443f4ec3ba5aa00b0e9fa90cf31d98321cbff8b925a7c7b84161619870bc9",
                "sha256:7c55b0f9f68590115c25272b06e63f0824f03d4fc7d6deed43d8ad5660cabdbf",
                "sha256:7fd1b3879a578a8ec2076c7961076df540b9af317123f84569f5a9ddee64ce92",
                "sha256:8076a5769d6bdf5f673a19d51da05fc79e2bbf25e9fe755c47595785c06a8c72",
                "sha256:80f811146831c8c86ab17b640801c25dc0a88c630e855e2bef3568f30434d52b",
                "sha256:8412eacef34cae2836d891836a7fff7b754d6bcac61f6c12ba5ca9bc7e427b68",
                "sha256:865c8e95713744cf5ae261f3067861e9da5f1370ba91fc536431e29b418676fa",
                "sha256:86b1e28d4c37e89220e924305cd9f82866bb0ace666943a6e4196c5df4d58dcc",
                "sha256:891c69e027748b4a73847335d208e374ce54ca3c335907d381fde4e41661b13b",
                "sha256:8ac164e20d17cc285f2b94dc31c384bc3aa3dd5e7490473b3db043dd70fbccfd",
                "sha256:8c5701dc474b041e2934a26d31d39f90fac8a3dee2322b39f7729867f932b1d4",
                "sha256:90ebb429e933645f3da534c89b29b665e285048973b4d2b6946526888c3eb2c7",
                "sha256:923fec6e5461c42bd7e3fd5ec37492c6f3468be0499bc0707b4bbbc16ac21792",
                "sha256:935f9edd022ec13e447e5723a7d14456c8af254544cefbc533f6dd276c9aa0d9",
                "sha256:95ab1594377effac17110e1352989bdd7bdfca9ff0e5eeccd8c69c5389b826d0",
                "sha256:9974d2f7dc561cce3bb88dfa8eb309dab64c729de85fba32e98d75cf24b66297",
                "sha256:9c733cda03b6d636b4219625a4acb5c6ffb10803338e437fb614fef9516825ef",
                "sha256:9dc001c3e10de4725c749d4c2f2bdc6ae24de5a88a339c4bce32300a31ede179",
                "sha256:9f811079d2f9795b5d48b55a37aa7773680a5659afe34b54cc1d86590a51507d",
                "sha256:a2726d7bfd9f76158c84c10a409b77a320426540df8c35be172444394b17f7ea",
                "sha256:a479466da6db5c1e8754caee6c262cd373e6e6c363172d74394f4bff3d84d7b5",
                "sha256:a543492513a93b001975ae283a51f4b67973662a375a403ae82f420d2c7205ee",
                "sha256:a89c75a5b9bc329131115a409d0acc16e8da8dfd5867ba59f1dd66ae7ea8fa82",
                "sha256:a8f6f72974a19efead54195bc9bed4d850fc047bb7aa971268fd9a8387c89011",
                "sha256:a9ccbf1f129480ed3044f540c0fdbc4ee556f7175e5ab40fe077ff6baf286d4e",
                "sha256:aa0cc8365ab29487eb4f9979fd41b22549853389e22d5de3f134a6796e1b05a4",
                "sha256:adb4167043d3a78280d5d05ce0ba22055c266cf8655ce942f2fb881262ff3cdf",
                "sha256:af06c863f152005c7592df1d6a7009c836a247c9d8adb78fef8575a5a98699db",
                "sha256:b067915e3c3936966a8607f6fe5487df0c9c4afb85226613b520890049deea20",
                "sha256:b7c5f6fe273291f4d414d55b2c80d33c457b8a42677ad14b4b47ff025d0893e4",
                "sha256:b915daeb2d8c1f5cee4b970f2e2c988ce6514aace3c9296e58dd64dc9aa5d575",
                "sha256:ba0e3255b0396cac3cc7bbace76404dd72b5438bf0d8e7cefa2f79a7f3649caa",
                "sha256:bda8136e6a80bdea23e5e74e09df0362744d24ffb8cd59c4a95a6ce3d142f79c",
                "sha256:bfe3c517c283e484843cb2e357dd57ba009cff351edf45fb455b5fbd1f45b15f",
                "sha256:c588c45da9b08ab3da81d08d7987dae6d2a3badd63acdb3e206a42dbfa7cb76f",
                "sha256:c600e85f2ffd9f1035222b1a312aff85fd11ea39baff1d705b9b047aad2ce267",
                "sha256:c68e9f1fcb4d43798ad8814c4c1b61547b014b667216cb754e606bfade587018",
                "sha256:c9649dfc57cc1f9835551deb17689e8d44666315f2e82d337b9f07bd76ae3aa2",
                "sha256:cb45350fd1dc75cd68d3d72c47f5b513cb0578da716df5fba02fff31c69d5f2d",
                "sha256:cbcf8630ef4afb05dc30107bfa17f16c0896bb30ee48fc24bf64c1f970f3b1fd",
                "sha256:cbd949bdd87567b0ad183d7676feb98136cde5bb9025403794a4c0db28ed3a47",
                "sha256:cc08ef8b90d78bfac66f0def80240b0197008e4852c9f285907377b2947ffdcb",
                "sha256:cd17a1e489f02ce9117b0de3c0b1fab1c3e2eedc82311b299ee6b6faf6c23a29",
                "sha256:d05686b5487cfa2e2c28ff1aa370ea3e6c5accfe6435944ddea1e10d93872147",
                "sha256:d0e10e6f8f6dc5762adee7dece33b722282e1f59aa6a55da5d493a97282fedd8",
                "sha256:d181ef50923c29cf0450c3cd47e2f0557b62218c50b2ab8ce2ecaa02bd97e670",
                "sha256:d1caf40c1c657b27858f9774d5c0e232089bca9cb8ee17ce7478c6e9264d2587",
                "sha256:d7642b9bc4827b5518ebdb3b82698ada8c14c7661ddec5fe719f3e56ccd13c97",
                "sha256:d9481174d3ed982e269c090f780122fb59cee6c3796f74efe74e70f7780ed94c",
                "sha256:d9ba68ec283153dead62cbe81872d28e053745f12335d037de9cbd14bd1877f5",
                "sha256:da71945c9ace018d8634822f16cbc2a78323ef6c876b1d34bbf5d5222fd6a72e",
                "sha256:dc44678a72ac0910bac46fa6a0de6af9ba1355669b3dfaf1ce5f05ca7a74364e",
                "sha256:df32d59cb9780f66d165a9a7a26f19df2c7d24e3bd58713108b41d0ff4f929c6",
                "sha256:df670918eb7dd719642e05979fc84704af913d563fd17ed636f7c4783003fdcc",
                "sha256:e78b6ed8165996013165eeabd875c5dfc19d41b54f94b40e9fff0eb3193e5e8e",
                "sha256:ed8fc66786de8d0376f9f913c09e963c66e90ced9aa11997f93bdb30f7c872a8",
                "sha256:eff4b8d89f444f7e49136dc695599a591ff769300734446c0a86cba2eb2f9895",
                "sha256:f21af781a4a6fbad54f03c598ab620e3a77032c5878f3d780448421a6e1818c7",
                "sha256:f2bcdc54ea267fe72bfc7d83c041e4eb58d7d8dc6f578dfddb52f037ce62f432",
                "sha256:f2f0498b7d2a3c072766dba3274fe22a183dbea1f99d188f1c6c72209a1063dc",
                "sha256:f7208ab6e009c627b7557ce55c465c98967e8caa8b11833531fdf95799372633",
                "sha256:f7590d5a455321e53857892ab8879dce62d1f4b04748769f5adf2e707afb9d4f",
                "sha256:fa257a4d0d21fcbca5b5fcba9dca5a78011cb93c0323fb8855c6d2dfbc76eb77",
                "sha256:fba9b62da882c1be1280a7584ec4515d0a6006a94d6e5819730ec2eab60ffe12",
                "sha256:fe4371595edf78c41ef8ac8df20df3943e13defd0efcb732b2e393b5a8a7a71f"
            ],
            "markers": "python_version >= '3.9'",
            "version": "==1.1.0"
        },
        "webassets": {
            "hashes": [
                "sha256:e7d9c8887343123fd5b32309b33167428cb1318cdda97ece12d0907fd69d38db"
            ],
            "index": "pypi",
            "version": "==0.12.1"
        }
    },
    "develop": {}
}
